
Microsoft Visual Studio Solution File, Format Version 12.00
# Visual Studio Version 17
VisualStudioVersion = 17.5.2.0
MinimumVisualStudioVersion = 10.0.40219.1
Project("{9A19103F-16F7-4668-BE54-9A1E7A4F7556}") = "InmobiliariaGarciaJesus", "InmobiliariaGarciaJesus.csproj", "{D097D68C-A7E3-4721-A563-C0B28516BF11}"
EndProject
Project("{FAE04EC0-301F-11D3-BF4B-00C04F79EFBC}") = "InmobiliariaGarciaJesus.Tests", "InmobiliariaGarciaJesus.Tests\InmobiliariaGarciaJesus.Tests.csproj", "{08BE32D6-4BCF-4E85-8D1E-C723458F36C9}"
EndProject
Global
	GlobalSection(SolutionConfigurationPlatforms) = preSolution
		Debug|Any CPU = Debug|Any CPU
		Debug|x64 = Debug|x64
		Debug|x86 = Debug|x86
		Release|Any CPU = Release|Any CPU
		Release|x64 = Release|x64
		Release|x86 = Release|x86
	EndGlobalSection
	GlobalSection(ProjectConfigurationPlatforms) = postSolution
		{D097D68C-A7E3-4721-A563-C0B28516BF11}.Debug|Any CPU.ActiveCfg = Debug|Any CPU
		{D097D68C-A7E3-4721-A563-C0B28516BF11}.Debug|Any CPU.Build.0 = Debug|Any CPU
		{D097D68C-A7E3-4721-A563-C0B28516BF11}.Debug|x64.ActiveCfg = Debug|Any CPU
		{D097D68C-A7E3-4721-A563-C0B28516BF11}.Debug|x64.Build.0 = Debug|Any CPU
		{D097D68C-A7E3-4721-A563-C0B28516BF11}.Debug|x86.ActiveCfg = Debug|Any CPU
		{D097D68C-A7E3-4721-A563-C0B28516BF11}.Debug|x86.Build.0 = Debug|Any CPU
		{D097D68C-A7E3-4721-A563-C0B28516BF11}.Release|Any CPU.ActiveCfg = Release|Any CPU
		{D097D68C-A7E3-4721-A563-C0B28516BF11}.Release|Any CPU.Build.0 = Release|Any CPU
		{D097D68C-A7E3-4721-A563-C0B28516BF11}.Release|x64.ActiveCfg = Release|Any CPU
		{D097D68C-A7E3-4721-A563-C0B28516BF11}.Release|x64.Build.0 = Release|Any CPU
		{D097D68C-A7E3-4721-A563-C0B28516BF11}.Release|x86.ActiveCfg = Release|Any CPU
		{D097D68C-A7E3-4721-A563-C0B28516BF11}.Release|x86.Build.0 = Release|Any CPU
		{08BE32D6-4BCF-4E85-8D1E-C723458F36C9}.Debug|Any CPU.ActiveCfg = Debug|Any CPU
		{08BE32D6-4BCF-4E85-8D1E-C723458F36C9}.Debug|Any CPU.Build.0 = Debug|Any CPU
		{08BE32D6-4BCF-4E85-8D1E-C723458F36C9}.Debug|x64.ActiveCfg = Debug|Any CPU
		{08BE32D6-4BCF-4E85-8D1E-C723458F36C9}.Debug|x64.Build.0 = Debug|Any CPU
		{08BE32D6-4BCF-4E85-8D1E-C723458F36C9}.Debug|x86.ActiveCfg = Debug|Any CPU
		{08BE32D6-4BCF-4E85-8D1E-C723458F36C9}.Debug|x86.Build.0 = Debug|Any CPU
		{08BE32D6-4BCF-4E85-8D1E-C723458F36C9}.Release|Any CPU.ActiveCfg = Release|Any CPU
		{08BE32D6-4BCF-4E85-8D1E-C723458F36C9}.Release|Any CPU.Build.0 = Release|Any CPU
		{08BE32D6-4BCF-4E85-8D1E-C723458F36C9}.Release|x64.ActiveCfg = Release|Any CPU
		{08BE32D6-4BCF-4E85-8D1E-C723458F36C9}.Release|x64.Build.0 = Release|Any CPU
		{08BE32D6-4BCF-4E85-8D1E-C723458F36C9}.Release|x86.ActiveCfg = Release|Any CPU
		{08BE32D6-4BCF-4E85-8D1E-C723458F36C9}.Release|x86.Build.0 = Release|Any CPU
	EndGlobalSection
	GlobalSection(SolutionProperties) = preSolution
		HideSolutionNode = FALSE
	EndGlobalSection
	GlobalSection(ExtensibilityGlobals) = postSolution
		SolutionGuid = {C7F0D531-5E06-4DF8-A84C-EB7AFB73063C}
	EndGlobalSection
EndGlobal
